PODS:
  - MoeCommon (0.1.2):
    - MoeCommon/Base (= 0.1.2)
    - MoeCommon/Runtime (= 0.1.2)
  - MoeCommon/Base (0.1.2)
  - MoeCommon/Runtime (0.1.2):
    - MoeCommon/Base
  - MoeLocalizable (0.1.3):
    - MoeCommon (~> 0.1.2)

DEPENDENCIES:
  - MoeLocalizable (from `../`)

SPEC REPOS:
  https://github.com/cocoapods/specs.git:
    - MoeCommon

EXTERNAL SOURCES:
  MoeLocalizable:
    :path: "../"

SPEC CHECKSUMS:
  MoeCommon: a5c02520c16045129d791c0b6e38d737cb41b648
  MoeLocalizable: 7ba6ee144f85161596363377a8b5248b9059aeb8

PODFILE CHECKSUM: 919e1edc4836b2ed83a39f30b81a91c29219119c

COCOAPODS: 1.7.4
