PODS:
  - MoeCommon (0.1.2):
    - MoeCommon/Base (= 0.1.2)
    - MoeCommon/Extension (= 0.1.2)
    - MoeCommon/Runtime (= 0.1.2)
  - MoeCommon/Base (0.1.2)
  - MoeCommon/Extension (0.1.2)
  - MoeCommon/Runtime (0.1.2):
    - MoeCommon/Base
    - MoeCommon/Extension
  - MoeLocalizable (0.1.3):
    - MoeCommon

DEPENDENCIES:
  - MoeCommon (from `https://github.com/linyanzuo/MoeCommon.git`)
  - MoeLocalizable (from `../`)

EXTERNAL SOURCES:
  MoeCommon:
    :git: https://github.com/linyanzuo/MoeCommon.git
  MoeLocalizable:
    :path: "../"

CHECKOUT OPTIONS:
  MoeCommon:
    :commit: 915783bdb10ef97315a1dafdff7d8bd974ada9c5
    :git: https://github.com/linyanzuo/MoeCommon.git

SPEC CHECKSUMS:
  MoeCommon: 58429fce47df711e46147d7d34c07648459012ef
  MoeLocalizable: bb11a9967b9d7680ece227348c1857562c6b26ac

PODFILE CHECKSUM: 6f845fb481b0b0f3a21d33c4d30f90cc3b2a34c6

COCOAPODS: 1.9.3
